
Microsoft Visual Studio Solution File, Format Version 12.00
# Visual Studio Version 16
VisualStudioVersion = 16.0.30413.136
MinimumVisualStudioVersion = 10.0.40219.1
Project("{9A19103F-16F7-4668-BE54-9A1E7A4F7556}") = "Gruppeoppgave1", "Gruppeoppgave1\Gruppeoppgave1.csproj", "{3C9742BB-CF83-48D5-940E-C1E1606EAAC1}"
EndProject
Project("{9A19103F-16F7-4668-BE54-9A1E7A4F7556}") = "EnhetstestingNor_Way", "XUnitTestProject1\EnhetstestingNor_Way.csproj", "{EA535544-9F04-4EE4-996F-234E3149B37D}"
EndProject
Global
	GlobalSection(SolutionConfigurationPlatforms) = preSolution
		Debug|Any CPU = Debug|Any CPU
		Release|Any CPU = Release|Any CPU
	EndGlobalSection
	GlobalSection(ProjectConfigurationPlatforms) = postSolution
		{3C9742BB-CF83-48D5-940E-C1E1606EAAC1}.Debug|Any CPU.ActiveCfg = Debug|Any CPU
		{3C9742BB-CF83-48D5-940E-C1E1606EAAC1}.Debug|Any CPU.Build.0 = Debug|Any CPU
		{3C9742BB-CF83-48D5-940E-C1E1606EAAC1}.Release|Any CPU.ActiveCfg = Release|Any CPU
		{3C9742BB-CF83-48D5-940E-C1E1606EAAC1}.Release|Any CPU.Build.0 = Release|Any CPU
		{EA535544-9F04-4EE4-996F-234E3149B37D}.Debug|Any CPU.ActiveCfg = Debug|Any CPU
		{EA535544-9F04-4EE4-996F-234E3149B37D}.Debug|Any CPU.Build.0 = Debug|Any CPU
		{EA535544-9F04-4EE4-996F-234E3149B37D}.Release|Any CPU.ActiveCfg = Release|Any CPU
		{EA535544-9F04-4EE4-996F-234E3149B37D}.Release|Any CPU.Build.0 = Release|Any CPU
	EndGlobalSection
	GlobalSection(SolutionProperties) = preSolution
		HideSolutionNode = FALSE
	EndGlobalSection
	GlobalSection(ExtensibilityGlobals) = postSolution
		SolutionGuid = {AE8F631A-914F-456F-9EB8-2231D7205154}
	EndGlobalSection
EndGlobal
